
Microsoft Visual Studio Solution File, Format Version 12.00
# Visual Studio Version 16
VisualStudioVersion = 16.0.31005.135
MinimumVisualStudioVersion = 15.0.26124.0
Project("{9A19103F-16F7-4668-BE54-9A1E7A4F7556}") = "GuessGame.Tests", "tests\GuessGame.Tests\GuessGame.Tests.csproj", "{E9EEE3A3-F81D-4ED4-87AB-D4116C70F481}"
EndProject
Project("{9A19103F-16F7-4668-BE54-9A1E7A4F7556}") = "GuessGame.Domain", "src\GuessGame.Domain\GuessGame.Domain.csproj", "{7258E361-FC22-41DA-BFC9-BC95AF0292C3}"
EndProject
Project("{9A19103F-16F7-4668-BE54-9A1E7A4F7556}") = "GuessGame.UI", "src\GuessGame.UI\GuessGame.UI.csproj", "{F5DDAF8C-F284-40A5-9EBE-C145B4D79FF3}"
EndProject
Global
	GlobalSection(SolutionConfigurationPlatforms) = preSolution
		Debug|Any CPU = Debug|Any CPU
		Debug|x64 = Debug|x64
		Debug|x86 = Debug|x86
		Release|Any CPU = Release|Any CPU
		Release|x64 = Release|x64
		Release|x86 = Release|x86
	EndGlobalSection
	GlobalSection(ProjectConfigurationPlatforms) = postSolution
		{E9EEE3A3-F81D-4ED4-87AB-D4116C70F481}.Debug|Any CPU.ActiveCfg = Debug|Any CPU
		{E9EEE3A3-F81D-4ED4-87AB-D4116C70F481}.Debug|Any CPU.Build.0 = Debug|Any CPU
		{E9EEE3A3-F81D-4ED4-87AB-D4116C70F481}.Debug|x64.ActiveCfg = Debug|Any CPU
		{E9EEE3A3-F81D-4ED4-87AB-D4116C70F481}.Debug|x64.Build.0 = Debug|Any CPU
		{E9EEE3A3-F81D-4ED4-87AB-D4116C70F481}.Debug|x86.ActiveCfg = Debug|Any CPU
		{E9EEE3A3-F81D-4ED4-87AB-D4116C70F481}.Debug|x86.Build.0 = Debug|Any CPU
		{E9EEE3A3-F81D-4ED4-87AB-D4116C70F481}.Release|Any CPU.ActiveCfg = Release|Any CPU
		{E9EEE3A3-F81D-4ED4-87AB-D4116C70F481}.Release|Any CPU.Build.0 = Release|Any CPU
		{E9EEE3A3-F81D-4ED4-87AB-D4116C70F481}.Release|x64.ActiveCfg = Release|Any CPU
		{E9EEE3A3-F81D-4ED4-87AB-D4116C70F481}.Release|x64.Build.0 = Release|Any CPU
		{E9EEE3A3-F81D-4ED4-87AB-D4116C70F481}.Release|x86.ActiveCfg = Release|Any CPU
		{E9EEE3A3-F81D-4ED4-87AB-D4116C70F481}.Release|x86.Build.0 = Release|Any CPU
		{7258E361-FC22-41DA-BFC9-BC95AF0292C3}.Debug|Any CPU.ActiveCfg = Debug|Any CPU
		{7258E361-FC22-41DA-BFC9-BC95AF0292C3}.Debug|Any CPU.Build.0 = Debug|Any CPU
		{7258E361-FC22-41DA-BFC9-BC95AF0292C3}.Debug|x64.ActiveCfg = Debug|Any CPU
		{7258E361-FC22-41DA-BFC9-BC95AF0292C3}.Debug|x64.Build.0 = Debug|Any CPU
		{7258E361-FC22-41DA-BFC9-BC95AF0292C3}.Debug|x86.ActiveCfg = Debug|Any CPU
		{7258E361-FC22-41DA-BFC9-BC95AF0292C3}.Debug|x86.Build.0 = Debug|Any CPU
		{7258E361-FC22-41DA-BFC9-BC95AF0292C3}.Release|Any CPU.ActiveCfg = Release|Any CPU
		{7258E361-FC22-41DA-BFC9-BC95AF0292C3}.Release|Any CPU.Build.0 = Release|Any CPU
		{7258E361-FC22-41DA-BFC9-BC95AF0292C3}.Release|x64.ActiveCfg = Release|Any CPU
		{7258E361-FC22-41DA-BFC9-BC95AF0292C3}.Release|x64.Build.0 = Release|Any CPU
		{7258E361-FC22-41DA-BFC9-BC95AF0292C3}.Release|x86.ActiveCfg = Release|Any CPU
		{7258E361-FC22-41DA-BFC9-BC95AF0292C3}.Release|x86.Build.0 = Release|Any CPU
		{F5DDAF8C-F284-40A5-9EBE-C145B4D79FF3}.Debug|Any CPU.ActiveCfg = Debug|Any CPU
		{F5DDAF8C-F284-40A5-9EBE-C145B4D79FF3}.Debug|Any CPU.Build.0 = Debug|Any CPU
		{F5DDAF8C-F284-40A5-9EBE-C145B4D79FF3}.Debug|x64.ActiveCfg = Debug|Any CPU
		{F5DDAF8C-F284-40A5-9EBE-C145B4D79FF3}.Debug|x64.Build.0 = Debug|Any CPU
		{F5DDAF8C-F284-40A5-9EBE-C145B4D79FF3}.Debug|x86.ActiveCfg = Debug|Any CPU
		{F5DDAF8C-F284-40A5-9EBE-C145B4D79FF3}.Debug|x86.Build.0 = Debug|Any CPU
		{F5DDAF8C-F284-40A5-9EBE-C145B4D79FF3}.Release|Any CPU.ActiveCfg = Release|Any CPU
		{F5DDAF8C-F284-40A5-9EBE-C145B4D79FF3}.Release|Any CPU.Build.0 = Release|Any CPU
		{F5DDAF8C-F284-40A5-9EBE-C145B4D79FF3}.Release|x64.ActiveCfg = Release|Any CPU
		{F5DDAF8C-F284-40A5-9EBE-C145B4D79FF3}.Release|x64.Build.0 = Release|Any CPU
		{F5DDAF8C-F284-40A5-9EBE-C145B4D79FF3}.Release|x86.ActiveCfg = Release|Any CPU
		{F5DDAF8C-F284-40A5-9EBE-C145B4D79FF3}.Release|x86.Build.0 = Release|Any CPU
	EndGlobalSection
	GlobalSection(SolutionProperties) = preSolution
		HideSolutionNode = FALSE
	EndGlobalSection
	GlobalSection(ExtensibilityGlobals) = postSolution
		SolutionGuid = {8CEB57C7-BA15-4E79-9EDB-6BA8A41FE781}
	EndGlobalSection
EndGlobal
